
Microsoft Visual Studio Solution File, Format Version 12.00
# Visual Studio Version 17
VisualStudioVersion = 17.0.31903.59
MinimumVisualStudioVersion = 10.0.40219.1
Project("{FAE04EC0-301F-11D3-BF4B-00C04F79EFBC}") = "ConnectSeaRepository", "ConnectSeaRepository\ConnectSeaRepository.csproj", "{C3154C51-884B-49B5-AC84-02A9D34B7B6E}"
EndProject
Project("{FAE04EC0-301F-11D3-BF4B-00C04F79EFBC}") = "ConnectSeaApplication", "ConnectSeaApplication\ConnectSeaApplication.csproj", "{DA06AF22-2DE7-41AF-9D48-A1ABC1328436}"
EndProject
Project("{FAE04EC0-301F-11D3-BF4B-00C04F79EFBC}") = "ConnectSeaMs1Api", "ConnectSeaMs1Api\ConnectSeaMs1Api.csproj", "{DEFFFF1A-84E6-46E6-8C12-1A928497E712}"
EndProject
Project("{FAE04EC0-301F-11D3-BF4B-00C04F79EFBC}") = "ConnectSeaTests", "ConnectSeaTests\ConnectSeaTests.csproj", "{744E848D-9002-4C4E-AFAE-58B3E85962B9}"
EndProject
Global
	GlobalSection(SolutionConfigurationPlatforms) = preSolution
		Debug|Any CPU = Debug|Any CPU
		Debug|x64 = Debug|x64
		Debug|x86 = Debug|x86
		Release|Any CPU = Release|Any CPU
		Release|x64 = Release|x64
		Release|x86 = Release|x86
	EndGlobalSection
	GlobalSection(ProjectConfigurationPlatforms) = postSolution
		{C3154C51-884B-49B5-AC84-02A9D34B7B6E}.Debug|Any CPU.ActiveCfg = Debug|Any CPU
		{C3154C51-884B-49B5-AC84-02A9D34B7B6E}.Debug|Any CPU.Build.0 = Debug|Any CPU
		{C3154C51-884B-49B5-AC84-02A9D34B7B6E}.Debug|x64.ActiveCfg = Debug|Any CPU
		{C3154C51-884B-49B5-AC84-02A9D34B7B6E}.Debug|x64.Build.0 = Debug|Any CPU
		{C3154C51-884B-49B5-AC84-02A9D34B7B6E}.Debug|x86.ActiveCfg = Debug|Any CPU
		{C3154C51-884B-49B5-AC84-02A9D34B7B6E}.Debug|x86.Build.0 = Debug|Any CPU
		{C3154C51-884B-49B5-AC84-02A9D34B7B6E}.Release|Any CPU.ActiveCfg = Release|Any CPU
		{C3154C51-884B-49B5-AC84-02A9D34B7B6E}.Release|Any CPU.Build.0 = Release|Any CPU
		{C3154C51-884B-49B5-AC84-02A9D34B7B6E}.Release|x64.ActiveCfg = Release|Any CPU
		{C3154C51-884B-49B5-AC84-02A9D34B7B6E}.Release|x64.Build.0 = Release|Any CPU
		{C3154C51-884B-49B5-AC84-02A9D34B7B6E}.Release|x86.ActiveCfg = Release|Any CPU
		{C3154C51-884B-49B5-AC84-02A9D34B7B6E}.Release|x86.Build.0 = Release|Any CPU
		{DA06AF22-2DE7-41AF-9D48-A1ABC1328436}.Debug|Any CPU.ActiveCfg = Debug|Any CPU
		{DA06AF22-2DE7-41AF-9D48-A1ABC1328436}.Debug|Any CPU.Build.0 = Debug|Any CPU
		{DA06AF22-2DE7-41AF-9D48-A1ABC1328436}.Debug|x64.ActiveCfg = Debug|Any CPU
		{DA06AF22-2DE7-41AF-9D48-A1ABC1328436}.Debug|x64.Build.0 = Debug|Any CPU
		{DA06AF22-2DE7-41AF-9D48-A1ABC1328436}.Debug|x86.ActiveCfg = Debug|Any CPU
		{DA06AF22-2DE7-41AF-9D48-A1ABC1328436}.Debug|x86.Build.0 = Debug|Any CPU
		{DA06AF22-2DE7-41AF-9D48-A1ABC1328436}.Release|Any CPU.ActiveCfg = Release|Any CPU
		{DA06AF22-2DE7-41AF-9D48-A1ABC1328436}.Release|Any CPU.Build.0 = Release|Any CPU
		{DA06AF22-2DE7-41AF-9D48-A1ABC1328436}.Release|x64.ActiveCfg = Release|Any CPU
		{DA06AF22-2DE7-41AF-9D48-A1ABC1328436}.Release|x64.Build.0 = Release|Any CPU
		{DA06AF22-2DE7-41AF-9D48-A1ABC1328436}.Release|x86.ActiveCfg = Release|Any CPU
		{DA06AF22-2DE7-41AF-9D48-A1ABC1328436}.Release|x86.Build.0 = Release|Any CPU
		{DEFFFF1A-84E6-46E6-8C12-1A928497E712}.Debug|Any CPU.ActiveCfg = Debug|Any CPU
		{DEFFFF1A-84E6-46E6-8C12-1A928497E712}.Debug|Any CPU.Build.0 = Debug|Any CPU
		{DEFFFF1A-84E6-46E6-8C12-1A928497E712}.Debug|x64.ActiveCfg = Debug|Any CPU
		{DEFFFF1A-84E6-46E6-8C12-1A928497E712}.Debug|x64.Build.0 = Debug|Any CPU
		{DEFFFF1A-84E6-46E6-8C12-1A928497E712}.Debug|x86.ActiveCfg = Debug|Any CPU
		{DEFFFF1A-84E6-46E6-8C12-1A928497E712}.Debug|x86.Build.0 = Debug|Any CPU
		{DEFFFF1A-84E6-46E6-8C12-1A928497E712}.Release|Any CPU.ActiveCfg = Release|Any CPU
		{DEFFFF1A-84E6-46E6-8C12-1A928497E712}.Release|Any CPU.Build.0 = Release|Any CPU
		{DEFFFF1A-84E6-46E6-8C12-1A928497E712}.Release|x64.ActiveCfg = Release|Any CPU
		{DEFFFF1A-84E6-46E6-8C12-1A928497E712}.Release|x64.Build.0 = Release|Any CPU
		{DEFFFF1A-84E6-46E6-8C12-1A928497E712}.Release|x86.ActiveCfg = Release|Any CPU
		{DEFFFF1A-84E6-46E6-8C12-1A928497E712}.Release|x86.Build.0 = Release|Any CPU
		{744E848D-9002-4C4E-AFAE-58B3E85962B9}.Debug|Any CPU.ActiveCfg = Debug|Any CPU
		{744E848D-9002-4C4E-AFAE-58B3E85962B9}.Debug|Any CPU.Build.0 = Debug|Any CPU
		{744E848D-9002-4C4E-AFAE-58B3E85962B9}.Debug|x64.ActiveCfg = Debug|Any CPU
		{744E848D-9002-4C4E-AFAE-58B3E85962B9}.Debug|x64.Build.0 = Debug|Any CPU
		{744E848D-9002-4C4E-AFAE-58B3E85962B9}.Debug|x86.ActiveCfg = Debug|Any CPU
		{744E848D-9002-4C4E-AFAE-58B3E85962B9}.Debug|x86.Build.0 = Debug|Any CPU
		{744E848D-9002-4C4E-AFAE-58B3E85962B9}.Release|Any CPU.ActiveCfg = Release|Any CPU
		{744E848D-9002-4C4E-AFAE-58B3E85962B9}.Release|Any CPU.Build.0 = Release|Any CPU
		{744E848D-9002-4C4E-AFAE-58B3E85962B9}.Release|x64.ActiveCfg = Release|Any CPU
		{744E848D-9002-4C4E-AFAE-58B3E85962B9}.Release|x64.Build.0 = Release|Any CPU
		{744E848D-9002-4C4E-AFAE-58B3E85962B9}.Release|x86.ActiveCfg = Release|Any CPU
		{744E848D-9002-4C4E-AFAE-58B3E85962B9}.Release|x86.Build.0 = Release|Any CPU
	EndGlobalSection
	GlobalSection(SolutionProperties) = preSolution
		HideSolutionNode = FALSE
	EndGlobalSection
EndGlobal
